
Microsoft Visual Studio Solution File, Format Version 12.00
# Visual Studio Version 17
VisualStudioVersion = 17.6.33723.286
MinimumVisualStudioVersion = 10.0.40219.1
Project("{2150E333-8FDC-42A3-9474-1A3956D46DE8}") = "Catalogo.Servico", "Catalogo.Servico", "{2B6BCAB8-0D5A-45D2-97F0-1AB35D220CF7}"
EndProject
Project("{2150E333-8FDC-42A3-9474-1A3956D46DE8}") = "Pedidos.Servico", "Pedidos.Servico", "{3CE48CD1-3B3C-45FA-9472-3FD8B1A60CD7}"
EndProject
Project("{9A19103F-16F7-4668-BE54-9A1E7A4F7556}") = "MarianoStore.Catalogo.Api", "MarianoStore.Catalogo.Api\MarianoStore.Catalogo.Api.csproj", "{28F54AFE-2EFF-43A7-A988-318416EAF39A}"
EndProject
Project("{9A19103F-16F7-4668-BE54-9A1E7A4F7556}") = "MarianoStore.Core", "MarianoStore.Core\MarianoStore.Core.csproj", "{C8A13E89-60E4-4829-B3C3-30A923801B03}"
EndProject
Project("{9A19103F-16F7-4668-BE54-9A1E7A4F7556}") = "MarianoStore.Ioc", "MarianoStore.Ioc\MarianoStore.Ioc.csproj", "{87CBDF78-F699-43D8-9E0C-257D01952331}"
EndProject
Project("{9A19103F-16F7-4668-BE54-9A1E7A4F7556}") = "MarianoStore.Pedidos.Api", "MarianoStore.Pedidos.Api\MarianoStore.Pedidos.Api.csproj", "{33603AE2-5F5F-4CB6-B3BF-BE9F45680C98}"
EndProject
Project("{9A19103F-16F7-4668-BE54-9A1E7A4F7556}") = "MarianoStore.Pedidos.Application", "MarianoStore.Pedidos.Application\MarianoStore.Pedidos.Application.csproj", "{ACB8E723-1CD9-447A-8D01-62C54B0F4DBF}"
EndProject
Project("{9A19103F-16F7-4668-BE54-9A1E7A4F7556}") = "MarianoStore.Pedidos.Domain", "MarianoStore.Pedidos.Domain\MarianoStore.Pedidos.Domain.csproj", "{48809DE2-2EC5-4975-A9AA-5029101E8E2A}"
EndProject
Project("{9A19103F-16F7-4668-BE54-9A1E7A4F7556}") = "MarianoStore.Services", "MarianoStore.Services\MarianoStore.Services.csproj", "{6D97C881-F4AA-4487-8D5C-82698FCCC1B8}"
EndProject
Project("{9A19103F-16F7-4668-BE54-9A1E7A4F7556}") = "MarianoStore.Catalogo.Application", "MarianoStore.Catalogo.Application\MarianoStore.Catalogo.Application.csproj", "{694B109C-FEAD-4E18-A52F-44FE718B2FCE}"
EndProject
Project("{2150E333-8FDC-42A3-9474-1A3956D46DE8}") = "Pagamento.Servico", "Pagamento.Servico", "{F780B53C-A9B2-4692-A511-EFBCB88B6DDE}"
EndProject
Project("{FAE04EC0-301F-11D3-BF4B-00C04F79EFBC}") = "MarianoStore.Pagamento.Api", "MarianoStore.Pagamento.Api\MarianoStore.Pagamento.Api.csproj", "{43A0FBB5-21EF-4522-AA6D-134207D35E57}"
EndProject
Project("{FAE04EC0-301F-11D3-BF4B-00C04F79EFBC}") = "MarianoStore.Pagamento.Application", "MarianoStore.Pagamento.Application\MarianoStore.Pagamento.Application.csproj", "{92ACD0B7-96D1-4B8B-8329-DF40795BF0A4}"
EndProject
Project("{FAE04EC0-301F-11D3-BF4B-00C04F79EFBC}") = "MarianoStore.Pagamento.Domain", "MarianoStore.Pagamento.Domain\MarianoStore.Pagamento.Domain.csproj", "{015BF700-8024-4AF9-AE42-C61BE9F519CF}"
EndProject
Global
	GlobalSection(SolutionConfigurationPlatforms) = preSolution
		Debug|Any CPU = Debug|Any CPU
		Release|Any CPU = Release|Any CPU
	EndGlobalSection
	GlobalSection(ProjectConfigurationPlatforms) = postSolution
		{28F54AFE-2EFF-43A7-A988-318416EAF39A}.Debug|Any CPU.ActiveCfg = Debug|Any CPU
		{28F54AFE-2EFF-43A7-A988-318416EAF39A}.Debug|Any CPU.Build.0 = Debug|Any CPU
		{28F54AFE-2EFF-43A7-A988-318416EAF39A}.Release|Any CPU.ActiveCfg = Release|Any CPU
		{28F54AFE-2EFF-43A7-A988-318416EAF39A}.Release|Any CPU.Build.0 = Release|Any CPU
		{C8A13E89-60E4-4829-B3C3-30A923801B03}.Debug|Any CPU.ActiveCfg = Debug|Any CPU
		{C8A13E89-60E4-4829-B3C3-30A923801B03}.Debug|Any CPU.Build.0 = Debug|Any CPU
		{C8A13E89-60E4-4829-B3C3-30A923801B03}.Release|Any CPU.ActiveCfg = Release|Any CPU
		{C8A13E89-60E4-4829-B3C3-30A923801B03}.Release|Any CPU.Build.0 = Release|Any CPU
		{87CBDF78-F699-43D8-9E0C-257D01952331}.Debug|Any CPU.ActiveCfg = Debug|Any CPU
		{87CBDF78-F699-43D8-9E0C-257D01952331}.Debug|Any CPU.Build.0 = Debug|Any CPU
		{87CBDF78-F699-43D8-9E0C-257D01952331}.Release|Any CPU.ActiveCfg = Release|Any CPU
		{87CBDF78-F699-43D8-9E0C-257D01952331}.Release|Any CPU.Build.0 = Release|Any CPU
		{33603AE2-5F5F-4CB6-B3BF-BE9F45680C98}.Debug|Any CPU.ActiveCfg = Debug|Any CPU
		{33603AE2-5F5F-4CB6-B3BF-BE9F45680C98}.Debug|Any CPU.Build.0 = Debug|Any CPU
		{33603AE2-5F5F-4CB6-B3BF-BE9F45680C98}.Release|Any CPU.ActiveCfg = Release|Any CPU
		{33603AE2-5F5F-4CB6-B3BF-BE9F45680C98}.Release|Any CPU.Build.0 = Release|Any CPU
		{ACB8E723-1CD9-447A-8D01-62C54B0F4DBF}.Debug|Any CPU.ActiveCfg = Debug|Any CPU
		{ACB8E723-1CD9-447A-8D01-62C54B0F4DBF}.Debug|Any CPU.Build.0 = Debug|Any CPU
		{ACB8E723-1CD9-447A-8D01-62C54B0F4DBF}.Release|Any CPU.ActiveCfg = Release|Any CPU
		{ACB8E723-1CD9-447A-8D01-62C54B0F4DBF}.Release|Any CPU.Build.0 = Release|Any CPU
		{48809DE2-2EC5-4975-A9AA-5029101E8E2A}.Debug|Any CPU.ActiveCfg = Debug|Any CPU
		{48809DE2-2EC5-4975-A9AA-5029101E8E2A}.Debug|Any CPU.Build.0 = Debug|Any CPU
		{48809DE2-2EC5-4975-A9AA-5029101E8E2A}.Release|Any CPU.ActiveCfg = Release|Any CPU
		{48809DE2-2EC5-4975-A9AA-5029101E8E2A}.Release|Any CPU.Build.0 = Release|Any CPU
		{6D97C881-F4AA-4487-8D5C-82698FCCC1B8}.Debug|Any CPU.ActiveCfg = Debug|Any CPU
		{6D97C881-F4AA-4487-8D5C-82698FCCC1B8}.Debug|Any CPU.Build.0 = Debug|Any CPU
		{6D97C881-F4AA-4487-8D5C-82698FCCC1B8}.Release|Any CPU.ActiveCfg = Release|Any CPU
		{6D97C881-F4AA-4487-8D5C-82698FCCC1B8}.Release|Any CPU.Build.0 = Release|Any CPU
		{694B109C-FEAD-4E18-A52F-44FE718B2FCE}.Debug|Any CPU.ActiveCfg = Debug|Any CPU
		{694B109C-FEAD-4E18-A52F-44FE718B2FCE}.Debug|Any CPU.Build.0 = Debug|Any CPU
		{694B109C-FEAD-4E18-A52F-44FE718B2FCE}.Release|Any CPU.ActiveCfg = Release|Any CPU
		{694B109C-FEAD-4E18-A52F-44FE718B2FCE}.Release|Any CPU.Build.0 = Release|Any CPU
		{43A0FBB5-21EF-4522-AA6D-134207D35E57}.Debug|Any CPU.ActiveCfg = Debug|Any CPU
		{43A0FBB5-21EF-4522-AA6D-134207D35E57}.Debug|Any CPU.Build.0 = Debug|Any CPU
		{43A0FBB5-21EF-4522-AA6D-134207D35E57}.Release|Any CPU.ActiveCfg = Release|Any CPU
		{43A0FBB5-21EF-4522-AA6D-134207D35E57}.Release|Any CPU.Build.0 = Release|Any CPU
		{92ACD0B7-96D1-4B8B-8329-DF40795BF0A4}.Debug|Any CPU.ActiveCfg = Debug|Any CPU
		{92ACD0B7-96D1-4B8B-8329-DF40795BF0A4}.Debug|Any CPU.Build.0 = Debug|Any CPU
		{92ACD0B7-96D1-4B8B-8329-DF40795BF0A4}.Release|Any CPU.ActiveCfg = Release|Any CPU
		{92ACD0B7-96D1-4B8B-8329-DF40795BF0A4}.Release|Any CPU.Build.0 = Release|Any CPU
		{015BF700-8024-4AF9-AE42-C61BE9F519CF}.Debug|Any CPU.ActiveCfg = Debug|Any CPU
		{015BF700-8024-4AF9-AE42-C61BE9F519CF}.Debug|Any CPU.Build.0 = Debug|Any CPU
		{015BF700-8024-4AF9-AE42-C61BE9F519CF}.Release|Any CPU.ActiveCfg = Release|Any CPU
		{015BF700-8024-4AF9-AE42-C61BE9F519CF}.Release|Any CPU.Build.0 = Release|Any CPU
	EndGlobalSection
	GlobalSection(SolutionProperties) = preSolution
		HideSolutionNode = FALSE
	EndGlobalSection
	GlobalSection(NestedProjects) = preSolution
		{28F54AFE-2EFF-43A7-A988-318416EAF39A} = {2B6BCAB8-0D5A-45D2-97F0-1AB35D220CF7}
		{33603AE2-5F5F-4CB6-B3BF-BE9F45680C98} = {3CE48CD1-3B3C-45FA-9472-3FD8B1A60CD7}
		{ACB8E723-1CD9-447A-8D01-62C54B0F4DBF} = {3CE48CD1-3B3C-45FA-9472-3FD8B1A60CD7}
		{48809DE2-2EC5-4975-A9AA-5029101E8E2A} = {3CE48CD1-3B3C-45FA-9472-3FD8B1A60CD7}
		{694B109C-FEAD-4E18-A52F-44FE718B2FCE} = {2B6BCAB8-0D5A-45D2-97F0-1AB35D220CF7}
		{43A0FBB5-21EF-4522-AA6D-134207D35E57} = {F780B53C-A9B2-4692-A511-EFBCB88B6DDE}
		{92ACD0B7-96D1-4B8B-8329-DF40795BF0A4} = {F780B53C-A9B2-4692-A511-EFBCB88B6DDE}
		{015BF700-8024-4AF9-AE42-C61BE9F519CF} = {F780B53C-A9B2-4692-A511-EFBCB88B6DDE}
	EndGlobalSection
	GlobalSection(ExtensibilityGlobals) = postSolution
		SolutionGuid = {691FD08C-C285-4904-BA75-448C9B2D28FF}
	EndGlobalSection
EndGlobal
